
Microsoft Visual Studio Solution File, Format Version 12.00
# Visual Studio Express 2013 for Windows Desktop
VisualStudioVersion = 12.0.31101.0
MinimumVisualStudioVersion = 10.0.40219.1
Project("{8BC9CEB8-8B4A-11D0-8D11-00A0C91BC942}") = "gtest", "gtest\gtest.vcxproj", "{60932AFC-7808-48B7-B3BF-F2BC151C0065}"
EndProject
Project("{8BC9CEB8-8B4A-11D0-8D11-00A0C91BC942}") = "stack", "stack\stack.vcxproj", "{A76282B3-4276-4945-9AF2-3AC68111A828}"
EndProject
Project("{8BC9CEB8-8B4A-11D0-8D11-00A0C91BC942}") = "tests", "tests\tests.vcxproj", "{C650C93E-F0A7-4235-9F5F-0DCE78609BFB}"
EndProject
Project("{8BC9CEB8-8B4A-11D0-8D11-00A0C91BC942}") = "sample", "sample\sample.vcxproj", "{5D0218F2-E502-414F-BA66-9E76B2785178}"
EndProject
Project("{8BC9CEB8-8B4A-11D0-8D11-00A0C91BC942}") = "arithmetic", "arithmetic\arithmetic.vcxproj", "{26F83C30-0E87-4474-8F0F-EAB7CF3D97C4}"
EndProject
Project("{8BC9CEB8-8B4A-11D0-8D11-00A0C91BC942}") = "Sample_list", "Sample_list\Sample_list.vcxproj", "{2FFFC9B6-AC23-4454-A1F7-333A4C2F1851}"
EndProject
Project("{8BC9CEB8-8B4A-11D0-8D11-00A0C91BC942}") = "Sample_stack", "Sample_stack\Sample_stack.vcxproj", "{0A57ED96-C3E3-4430-8FA6-5B5BB9A040DC}"
EndProject
Global
	GlobalSection(SolutionConfigurationPlatforms) = preSolution
		Debug|Win32 = Debug|Win32
		Release|Win32 = Release|Win32
	EndGlobalSection
	GlobalSection(ProjectConfigurationPlatforms) = postSolution
		{60932AFC-7808-48B7-B3BF-F2BC151C0065}.Debug|Win32.ActiveCfg = Debug|Win32
		{60932AFC-7808-48B7-B3BF-F2BC151C0065}.Debug|Win32.Build.0 = Debug|Win32
		{60932AFC-7808-48B7-B3BF-F2BC151C0065}.Release|Win32.ActiveCfg = Release|Win32
		{60932AFC-7808-48B7-B3BF-F2BC151C0065}.Release|Win32.Build.0 = Release|Win32
		{A76282B3-4276-4945-9AF2-3AC68111A828}.Debug|Win32.ActiveCfg = Debug|Win32
		{A76282B3-4276-4945-9AF2-3AC68111A828}.Debug|Win32.Build.0 = Debug|Win32
		{A76282B3-4276-4945-9AF2-3AC68111A828}.Release|Win32.ActiveCfg = Release|Win32
		{A76282B3-4276-4945-9AF2-3AC68111A828}.Release|Win32.Build.0 = Release|Win32
		{C650C93E-F0A7-4235-9F5F-0DCE78609BFB}.Debug|Win32.ActiveCfg = Debug|Win32
		{C650C93E-F0A7-4235-9F5F-0DCE78609BFB}.Debug|Win32.Build.0 = Debug|Win32
		{C650C93E-F0A7-4235-9F5F-0DCE78609BFB}.Release|Win32.ActiveCfg = Release|Win32
		{C650C93E-F0A7-4235-9F5F-0DCE78609BFB}.Release|Win32.Build.0 = Release|Win32
		{5D0218F2-E502-414F-BA66-9E76B2785178}.Debug|Win32.ActiveCfg = Debug|Win32
		{5D0218F2-E502-414F-BA66-9E76B2785178}.Debug|Win32.Build.0 = Debug|Win32
		{5D0218F2-E502-414F-BA66-9E76B2785178}.Release|Win32.ActiveCfg = Release|Win32
		{5D0218F2-E502-414F-BA66-9E76B2785178}.Release|Win32.Build.0 = Release|Win32
		{26F83C30-0E87-4474-8F0F-EAB7CF3D97C4}.Debug|Win32.ActiveCfg = Debug|Win32
		{26F83C30-0E87-4474-8F0F-EAB7CF3D97C4}.Debug|Win32.Build.0 = Debug|Win32
		{26F83C30-0E87-4474-8F0F-EAB7CF3D97C4}.Release|Win32.ActiveCfg = Release|Win32
		{26F83C30-0E87-4474-8F0F-EAB7CF3D97C4}.Release|Win32.Build.0 = Release|Win32
		{2FFFC9B6-AC23-4454-A1F7-333A4C2F1851}.Debug|Win32.ActiveCfg = Debug|Win32
		{2FFFC9B6-AC23-4454-A1F7-333A4C2F1851}.Debug|Win32.Build.0 = Debug|Win32
		{2FFFC9B6-AC23-4454-A1F7-333A4C2F1851}.Release|Win32.ActiveCfg = Release|Win32
		{2FFFC9B6-AC23-4454-A1F7-333A4C2F1851}.Release|Win32.Build.0 = Release|Win32
		{0A57ED96-C3E3-4430-8FA6-5B5BB9A040DC}.Debug|Win32.ActiveCfg = Debug|Win32
		{0A57ED96-C3E3-4430-8FA6-5B5BB9A040DC}.Debug|Win32.Build.0 = Debug|Win32
		{0A57ED96-C3E3-4430-8FA6-5B5BB9A040DC}.Release|Win32.ActiveCfg = Release|Win32
		{0A57ED96-C3E3-4430-8FA6-5B5BB9A040DC}.Release|Win32.Build.0 = Release|Win32
	EndGlobalSection
	GlobalSection(SolutionProperties) = preSolution
		HideSolutionNode = FALSE
	EndGlobalSection
EndGlobal
